// !$*UTF8*$!
{
	archiveVersion = 1;
	classes = {
	};
	objectVersion = 46;
	objects = {

/* Begin PBXBuildFile section */
		36B0D4F81F0B628B00CC46D0 /* main.m in Sources */ = {isa = PBXBuildFile; fileRef = 36B0D4F71F0B628B00CC46D0 /* main.m */; };
		36B0D4FB1F0B628B00CC46D0 /* AppDelegate.m in Sources */ = {isa = PBXBuildFile; fileRef = 36B0D4FA1F0B628B00CC46D0 /* AppDelegate.m */; };
		36B0D4FE1F0B628B00CC46D0 /* ViewController.m in Sources */ = {isa = PBXBuildFile; fileRef = 36B0D4FD1F0B628B00CC46D0 /* ViewController.m */; };
		36B0D5011F0B628B00CC46D0 /* Main.storyboard in Resources */ = {isa = PBXBuildFile; fileRef = 36B0D4FF1F0B628B00CC46D0 /* Main.storyboard */; };
		36B0D5031F0B628B00CC46D0 /* Assets.xcassets in Resources */ = {isa = PBXBuildFile; fileRef = 36B0D5021F0B628B00CC46D0 /* Assets.xcassets */; };
		36B0D5061F0B628B00CC46D0 /* LaunchScreen.storyboard in Resources */ = {isa = PBXBuildFile; fileRef = 36B0D5041F0B628B00CC46D0 /* LaunchScreen.storyboard */; };
		36B0D51A1F0B67B600CC46D0 /* confuse.sh in Resources */ = {isa = PBXBuildFile; fileRef = 36B0D5181F0B67B600CC46D0 /* confuse.sh */; };
		36B0D51B1F0B67B600CC46D0 /* func.list in Resources */ = {isa = PBXBuildFile; fileRef = 36B0D5191F0B67B600CC46D0 /* func.list */; };
		36B0D5201F0B6B0B00CC46D0 /* TestCodeConfusionTool.m in Sources */ = {isa = PBXBuildFile; fileRef = 36B0D51F1F0B6B0B00CC46D0 /* TestCodeConfusionTool.m */; };
/* End PBXBuildFile section */

/* Begin PBXFileReference section */
		36B0D4F31F0B628B00CC46D0 /* CodeConfusionDemo.app */ = {isa = PBXFileReference; explicitFileType = wrapper.application; includeInIndex = 0; path = CodeConfusionDemo.app; sourceTree = BUILT_PRODUCTS_DIR; };
		36B0D4F71F0B628B00CC46D0 /* main.m */ = {isa = PBXFileReference; lastKnownFileType = sourcecode.c.objc; path = main.m; sourceTree = "<group>"; };
		36B0D4F91F0B628B00CC46D0 /* AppDelegate.h */ = {isa = PBXFileReference; lastKnownFileType = sourcecode.c.h; path = AppDelegate.h; sourceTree = "<group>"; };
		36B0D4FA1F0B628B00CC46D0 /* AppDelegate.m */ = {isa = PBXFileReference; lastKnownFileType = sourcecode.c.objc; path = AppDelegate.m; sourceTree = "<group>"; };
		36B0D4FC1F0B628B00CC46D0 /* ViewController.h */ = {isa = PBXFileReference; lastKnownFileType = sourcecode.c.h; path = ViewController.h; sourceTree = "<group>"; };
		36B0D4FD1F0B628B00CC46D0 /* ViewController.m */ = {isa = PBXFileReference; lastKnownFileType = sourcecode.c.objc; path = ViewController.m; sourceTree = "<group>"; };
		36B0D5001F0B628B00CC46D0 /* Base */ = {isa = PBXFileReference; lastKnownFileType = file.storyboard; name = Base; path = Base.lproj/Main.storyboard; sourceTree = "<group>"; };
		36B0D5021F0B628B00CC46D0 /* Assets.xcassets */ = {isa = PBXFileReference; lastKnownFileType = folder.assetcatalog; path = Assets.xcassets; sourceTree = "<group>"; };
		36B0D5051F0B628B00CC46D0 /* Base */ = {isa = PBXFileReference; lastKnownFileType = file.storyboard; name = Base; path = Base.lproj/LaunchScreen.storyboard; sourceTree = "<group>"; };
		36B0D5071F0B628B00CC46D0 /* Info.plist */ = {isa = PBXFileReference; lastKnownFileType = text.plist.xml; path = Info.plist; sourceTree = "<group>"; };
		36B0D5181F0B67B600CC46D0 /* confuse.sh */ = {isa = PBXFileReference; fileEncoding = 4; lastKnownFileType = text.script.sh; path = confuse.sh; sourceTree = "<group>"; };
		36B0D5191F0B67B600CC46D0 /* func.list */ = {isa = PBXFileReference; fileEncoding = 4; lastKnownFileType = text; path = func.list; sourceTree = "<group>"; };
		36B0D51C1F0B69D900CC46D0 /* codeObfuscation.h */ = {isa = PBXFileReference; fileEncoding = 4; lastKnownFileType = sourcecode.c.h; name = codeObfuscation.h; path = CodeConfusionDemo/codeObfuscation.h; sourceTree = "<group>"; };
		36B0D51D1F0B69E300CC46D0 /* PrefixHeader.pch */ = {isa = PBXFileReference; lastKnownFileType = sourcecode.c.h; path = PrefixHeader.pch; sourceTree = "<group>"; };
		36B0D51E1F0B6B0B00CC46D0 /* TestCodeConfusionTool.h */ = {isa = PBXFileReference; fileEncoding = 4; lastKnownFileType = sourcecode.c.h; path = TestCodeConfusionTool.h; sourceTree = "<group>"; };
		36B0D51F1F0B6B0B00CC46D0 /* TestCodeConfusionTool.m */ = {isa = PBXFileReference; fileEncoding = 4; lastKnownFileType = sourcecode.c.objc; path = TestCodeConfusionTool.m; sourceTree = "<group>"; };
/* End PBXFileReference section */

/* Begin PBXFrameworksBuildPhase section */
		36B0D4F01F0B628B00CC46D0 /* Frameworks */ = {
			isa = PBXFrameworksBuildPhase;
			buildActionMask = 2147483647;
			files = (
			);
			runOnlyForDeploymentPostprocessing = 0;
		};
/* End PBXFrameworksBuildPhase section */

/* Begin PBXGroup section */
		36B0D4EA1F0B628B00CC46D0 = {
			isa = PBXGroup;
			children = (
				36B0D51C1F0B69D900CC46D0 /* codeObfuscation.h */,
				36B0D5181F0B67B600CC46D0 /* confuse.sh */,
				36B0D5191F0B67B600CC46D0 /* func.list */,
				36B0D4F51F0B628B00CC46D0 /* CodeConfusionDemo */,
				36B0D4F41F0B628B00CC46D0 /* Products */,
			);
			sourceTree = "<group>";
		};
		36B0D4F41F0B628B00CC46D0 /* Products */ = {
			isa = PBXGroup;
			children = (
				36B0D4F31F0B628B00CC46D0 /* CodeConfusionDemo.app */,
			);
			name = Products;
			sourceTree = "<group>";
		};
		36B0D4F51F0B628B00CC46D0 /* CodeConfusionDemo */ = {
			isa = PBXGroup;
			children = (
				36B0D4F91F0B628B00CC46D0 /* AppDelegate.h */,
				36B0D4FA1F0B628B00CC46D0 /* AppDelegate.m */,
				36B0D4FC1F0B628B00CC46D0 /* ViewController.h */,
				36B0D4FD1F0B628B00CC46D0 /* ViewController.m */,
				36B0D4FF1F0B628B00CC46D0 /* Main.storyboard */,
				36B0D5021F0B628B00CC46D0 /* Assets.xcassets */,
				36B0D5041F0B628B00CC46D0 /* LaunchScreen.storyboard */,
				36B0D5071F0B628B00CC46D0 /* Info.plist */,
				36B0D4F61F0B628B00CC46D0 /* Supporting Files */,
				36B0D51D1F0B69E300CC46D0 /* PrefixHeader.pch */,
				36B0D51E1F0B6B0B00CC46D0 /* TestCodeConfusionTool.h */,
				36B0D51F1F0B6B0B00CC46D0 /* TestCodeConfusionTool.m */,
			);
			path = CodeConfusionDemo;
			sourceTree = "<group>";
		};
		36B0D4F61F0B628B00CC46D0 /* Supporting Files */ = {
			isa = PBXGroup;
			children = (
				36B0D4F71F0B628B00CC46D0 /* main.m */,
			);
			name = "Supporting Files";
			sourceTree = "<group>";
		};
/* End PBXGroup section */

/* Begin PBXNativeTarget section */
		36B0D4F21F0B628B00CC46D0 /* CodeConfusionDemo */ = {
			isa = PBXNativeTarget;
			buildConfigurationList = 36B0D50A1F0B628B00CC46D0 /* Build configuration list for PBXNativeTarget "CodeConfusionDemo" */;
			buildPhases = (
				36B0D4EF1F0B628B00CC46D0 /* Sources */,
				36B0D4F01F0B628B00CC46D0 /* Frameworks */,
				36B0D4F11F0B628B00CC46D0 /* Resources */,
				36B0D5171F0B665B00CC46D0 /* ShellScript */,
			);
			buildRules = (
			);
			dependencies = (
			);
			name = CodeConfusionDemo;
			productName = CodeConfusionDemo;
			productReference = 36B0D4F31F0B628B00CC46D0 /* CodeConfusionDemo.app */;
			productType = "com.apple.product-type.application";
		};
/* End PBXNativeTarget section */

/* Begin PBXProject section */
		36B0D4EB1F0B628B00CC46D0 /* Project object */ = {
			isa = PBXProject;
			attributes = {
				LastUpgradeCheck = 0830;
				ORGANIZATIONNAME = "Yi Zhou";
				TargetAttributes = {
					36B0D4F21F0B628B00CC46D0 = {
						CreatedOnToolsVersion = 8.3.2;
						DevelopmentTeam = 4UVWR76R72;
						ProvisioningStyle = Automatic;
					};
				};
			};
			buildConfigurationList = 36B0D4EE1F0B628B00CC46D0 /* Build configuration list for PBXProject "CodeConfusionDemo" */;
			compatibilityVersion = "Xcode 3.2";
			developmentRegion = English;
			hasScannedForEncodings = 0;
			knownRegions = (
				en,
				Base,
			);
			mainGroup = 36B0D4EA1F0B628B00CC46D0;
			productRefGroup = 36B0D4F41F0B628B00CC46D0 /* Products */;
			projectDirPath = "";
			projectRoot = "";
			targets = (
				36B0D4F21F0B628B00CC46D0 /* CodeConfusionDemo */,
			);
		};
/* End PBXProject section */

/* Begin PBXResourcesBuildPhase section */
		36B0D4F11F0B628B00CC46D0 /* Resources */ = {
			isa = PBXResourcesBuildPhase;
			buildActionMask = 2147483647;
			files = (
				36B0D5061F0B628B00CC46D0 /* LaunchScreen.storyboard in Resources */,
				36B0D5031F0B628B00CC46D0 /* Assets.xcassets in Resources */,
				36B0D5011F0B628B00CC46D0 /* Main.storyboard in Resources */,
				36B0D51A1F0B67B600CC46D0 /* confuse.sh in Resources */,
				36B0D51B1F0B67B600CC46D0 /* func.list in Resources */,
			);
			runOnlyForDeploymentPostprocessing = 0;
		};
/* End PBXResourcesBuildPhase section */

/* Begin PBXShellScriptBuildPhase section */
		36B0D5171F0B665B00CC46D0 /* ShellScript */ = {
			isa = PBXShellScriptBuildPhase;
			buildActionMask = 2147483647;
			files = (
			);
			inputPaths = (
			);
			outputPaths = (
			);
			runOnlyForDeploymentPostprocessing = 0;
			shellPath = /bin/sh;
			shellScript = "$PROJECT_DIR/confuse.sh\n";
		};
/* End PBXShellScriptBuildPhase section */

/* Begin PBXSourcesBuildPhase section */
		36B0D4EF1F0B628B00CC46D0 /* Sources */ = {
			isa = PBXSourcesBuildPhase;
			buildActionMask = 2147483647;
			files = (
				36B0D4FE1F0B628B00CC46D0 /* ViewController.m in Sources */,
				36B0D4FB1F0B628B00CC46D0 /* AppDelegate.m in Sources */,
				36B0D4F81F0B628B00CC46D0 /* main.m in Sources */,
				36B0D5201F0B6B0B00CC46D0 /* TestCodeConfusionTool.m in Sources */,
			);
			runOnlyForDeploymentPostprocessing = 0;
		};
/* End PBXSourcesBuildPhase section */

/* Begin PBXVariantGroup section */
		36B0D4FF1F0B628B00CC46D0 /* Main.storyboard */ = {
			isa = PBXVariantGroup;
			children = (
				36B0D5001F0B628B00CC46D0 /* Base */,
			);
			name = Main.storyboard;
			sourceTree = "<group>";
		};
		36B0D5041F0B628B00CC46D0 /* LaunchScreen.storyboard */ = {
			isa = PBXVariantGroup;
			children = (
				36B0D5051F0B628B00CC46D0 /* Base */,
			);
			name = LaunchScreen.storyboard;
			sourceTree = "<group>";
		};
/* End PBXVariantGroup section */

/* Begin XCBuildConfiguration section */
		36B0D5081F0B628B00CC46D0 /* Debug */ = {
			isa = XCBuildConfiguration;
			buildSettings = {
				ALWAYS_SEARCH_USER_PATHS = NO;
				CLANG_ANALYZER_NONNULL = YES;
				CLANG_ANALYZER_NUMBER_OBJECT_CONVERSION = YES_AGGRESSIVE;
				CLANG_CXX_LANGUAGE_STANDARD = "gnu++0x";
				CLANG_CXX_LIBRARY = "libc++";
				CLANG_ENABLE_MODULES = YES;
				CLANG_ENABLE_OBJC_ARC = YES;
				CLANG_WARN_BOOL_CONVERSION = YES;
				CLANG_WARN_CONSTANT_CONVERSION = YES;
				CLANG_WARN_DIRECT_OBJC_ISA_USAGE = YES_ERROR;
				CLANG_WARN_DOCUMENTATION_COMMENTS = YES;
				CLANG_WARN_EMPTY_BODY = YES;
				CLANG_WARN_ENUM_CONVERSION = YES;
				CLANG_WARN_INFINITE_RECURSION = YES;
				CLANG_WARN_INT_CONVERSION = YES;
				CLANG_WARN_OBJC_ROOT_CLASS = YES_ERROR;
				CLANG_WARN_SUSPICIOUS_MOVE = YES;
				CLANG_WARN_UNREACHABLE_CODE = YES;
				CLANG_WARN__DUPLICATE_METHOD_MATCH = YES;
				"CODE_SIGN_IDENTITY[sdk=iphoneos*]" = "iPhone Developer";
				COPY_PHASE_STRIP = NO;
				DEBUG_INFORMATION_FORMAT = dwarf;
				ENABLE_STRICT_OBJC_MSGSEND = YES;
				ENABLE_TESTABILITY = YES;
				GCC_C_LANGUAGE_STANDARD = gnu99;
				GCC_DYNAMIC_NO_PIC = NO;
				GCC_NO_COMMON_BLOCKS = YES;
				GCC_OPTIMIZATION_LEVEL = 0;
				GCC_PREPROCESSOR_DEFINITIONS = (
					"DEBUG=1",
					"$(inherited)",
				);
				GCC_WARN_64_TO_32_BIT_CONVERSION = YES;
				GCC_WARN_ABOUT_RETURN_TYPE = YES_ERROR;
				GCC_WARN_UNDECLARED_SELECTOR = YES;
				GCC_WARN_UNINITIALIZED_AUTOS = YES_AGGRESSIVE;
				GCC_WARN_UNUSED_FUNCTION = YES;
				GCC_WARN_UNUSED_VARIABLE = YES;
				IPHONEOS_DEPLOYMENT_TARGET = 10.3;
				MTL_ENABLE_DEBUG_INFO = YES;
				ONLY_ACTIVE_ARCH = YES;
				SDKROOT = iphoneos;
				TARGETED_DEVICE_FAMILY = "1,2";
			};
			name = Debug;
		};
		36B0D5091F0B628B00CC46D0 /* Release */ = {
			isa = XCBuildConfiguration;
			buildSettings = {
				ALWAYS_SEARCH_USER_PATHS = NO;
				CLANG_ANALYZER_NONNULL = YES;
				CLANG_ANALYZER_NUMBER_OBJECT_CONVERSION = YES_AGGRESSIVE;
				CLANG_CXX_LANGUAGE_STANDARD = "gnu++0x";
				CLANG_CXX_LIBRARY = "libc++";
				CLANG_ENABLE_MODULES = YES;
				CLANG_ENABLE_OBJC_ARC = YES;
				CLANG_WARN_BOOL_CONVERSION = YES;
				CLANG_WARN_CONSTANT_CONVERSION = YES;
				CLANG_WARN_DIRECT_OBJC_ISA_USAGE = YES_ERROR;
				CLANG_WARN_DOCUMENTATION_COMMENTS = YES;
				CLANG_WARN_EMPTY_BODY = YES;
				CLANG_WARN_ENUM_CONVERSION = YES;
				CLANG_WARN_INFINITE_RECURSION = YES;
				CLANG_WARN_INT_CONVERSION = YES;
				CLANG_WARN_OBJC_ROOT_CLASS = YES_ERROR;
				CLANG_WARN_SUSPICIOUS_MOVE = YES;
				CLANG_WARN_UNREACHABLE_CODE = YES;
				CLANG_WARN__DUPLICATE_METHOD_MATCH = YES;
				"CODE_SIGN_IDENTITY[sdk=iphoneos*]" = "iPhone Developer";
				COPY_PHASE_STRIP = NO;
				DEBUG_INFORMATION_FORMAT = "dwarf-with-dsym";
				ENABLE_NS_ASSERTIONS = NO;
				ENABLE_STRICT_OBJC_MSGSEND = YES;
				GCC_C_LANGUAGE_STANDARD = gnu99;
				GCC_NO_COMMON_BLOCKS = YES;
				GCC_WARN_64_TO_32_BIT_CONVERSION = YES;
				GCC_WARN_ABOUT_RETURN_TYPE = YES_ERROR;
				GCC_WARN_UNDECLARED_SELECTOR = YES;
				GCC_WARN_UNINITIALIZED_AUTOS = YES_AGGRESSIVE;
				GCC_WARN_UNUSED_FUNCTION = YES;
				GCC_WARN_UNUSED_VARIABLE = YES;
				IPHONEOS_DEPLOYMENT_TARGET = 10.3;
				MTL_ENABLE_DEBUG_INFO = NO;
				SDKROOT = iphoneos;
				TARGETED_DEVICE_FAMILY = "1,2";
				VALIDATE_PRODUCT = YES;
			};
			name = Release;
		};
		36B0D50B1F0B628B00CC46D0 /* Debug */ = {
			isa = XCBuildConfiguration;
			buildSettings = {
				ASSETCATALOG_COMPILER_APPICON_NAME = AppIcon;
				DEVELOPMENT_TEAM = 4UVWR76R72;
				GCC_PREFIX_HEADER = "$(SRCROOT)/CodeCOnfusionDemo/PrefixHeader.pch";
				INFOPLIST_FILE = CodeConfusionDemo/Info.plist;
				LD_RUNPATH_SEARCH_PATHS = "$(inherited) @executable_path/Frameworks";
				PRODUCT_BUNDLE_IDENTIFIER = yibella.CodeConfusionDemo;
				PRODUCT_NAME = "$(TARGET_NAME)";
			};
			name = Debug;
		};
		36B0D50C1F0B628B00CC46D0 /* Release */ = {
			isa = XCBuildConfiguration;
			buildSettings = {
				ASSETCATALOG_COMPILER_APPICON_NAME = AppIcon;
				DEVELOPMENT_TEAM = 4UVWR76R72;
				GCC_PREFIX_HEADER = "$(SRCROOT)/CodeCOnfusionDemo/PrefixHeader.pch";
				INFOPLIST_FILE = CodeConfusionDemo/Info.plist;
				LD_RUNPATH_SEARCH_PATHS = "$(inherited) @executable_path/Frameworks";
				PRODUCT_BUNDLE_IDENTIFIER = yibella.CodeConfusionDemo;
				PRODUCT_NAME = "$(TARGET_NAME)";
			};
			name = Release;
		};
/* End XCBuildConfiguration section */

/* Begin XCConfigurationList section */
		36B0D4EE1F0B628B00CC46D0 /* Build configuration list for PBXProject "CodeConfusionDemo" */ = {
			isa = XCConfigurationList;
			buildConfigurations = (
				36B0D5081F0B628B00CC46D0 /* Debug */,
				36B0D5091F0B628B00CC46D0 /* Release */,
			);
			defaultConfigurationIsVisible = 0;
			defaultConfigurationName = Release;
		};
		36B0D50A1F0B628B00CC46D0 /* Build configuration list for PBXNativeTarget "CodeConfusionDemo" */ = {
			isa = XCConfigurationList;
			buildConfigurations = (
				36B0D50B1F0B628B00CC46D0 /* Debug */,
				36B0D50C1F0B628B00CC46D0 /* Release */,
			);
			defaultConfigurationIsVisible = 0;
			defaultConfigurationName = Release;
		};
/* End XCConfigurationList section */
	};
	rootObject = 36B0D4EB1F0B628B00CC46D0 /* Project object */;
}
